github.com/Netflix/go-env v0.0.0-20200512170851-5660fe1ab40a h1:lFjOd7Z9ZLqsfUAoypMQi1oI7XyZEuM7oh7E2U65IZM=
github.com/Netflix/go-env v0.0.0-20200512170851-5660fe1ab40a/go.mod h1:9XMFaCeRyW7fC9XJOWQ+NdAv8VLG7ys7l3x4ozEGLUQ=
github.com/diamondburned/sfmatch v0.0.0-20200622013314-3564cc575b5b h1:7LCMDGaIPbvvoQiFHQrhUkec8HKefMhs2efxVDa7AzA=
github.com/diamondburned/sfmatch v0.0.0-20200622013314-3564cc575b5b/go.mod h1:25IhsNYvgagu/8r2+KvCFbKxvXpbGvHdM8/AXe0/dT4=
github.com/influxdata/influxdb1-client v0.0.0-20200515024757-02f0bf5dbca3 h1:k3/6a1Shi7GGCp9QpyYuXsMM6ncTOjCzOE9Fd6CDA+Q=
github.com/influxdata/influxdb1-client v0.0.0-20200515024757-02f0bf5dbca3/go.mod h1:qj24IKcXYK6Iy9ceXlo3Tc+vtHo9lIhSX5JddghvEPo=
github.com/pkg/errors v0.9.1 h1:FEBLx1zS214owpjy7qsBeixbURkuhQAwrK5UwLGTwt4=
github.com/pkg/errors v0.9.1/go.mod h1:bwawxfHBFNV+L2hUp1rHADufV3IMtnDRdf1r5NINEl0=
github.com/radovskyb/watcher v1.0.7 h1:AYePLih6dpmS32vlHfhCeli8127LzkIgwJGcwwe8tUE=
github.com/radovskyb/watcher v1.0.7/go.mod h1:78okwvY5wPdzcb1UYnip1pvrZNIVEIh/Cm+ZuvsUYIg=
golang.org/x/sync v0.0.0-20200317015054-43a5402ce75a h1:WXEvlFVvvGxCJLG6REjsT03iWnKLEWinaScsxF2Vm2o=
golang.org/x/sync v0.0.0-20200317015054-43a5402ce75a/go.mod h1:RxMgew5VJxzue5/jJTE5uejpjVlOe/izrB70Jof72aM=
